{
  "name": "jab-attendance",
  "version": "0.0.1",
  "lockfileVersion": 1,
  "requires": true,
  "dependencies": {
    "@polymer/font-roboto": {
      "version": "3.0.0-pre.25",
      "resolved": "https://registry.npmjs.org/@polymer/font-roboto/-/font-roboto-3.0.0-pre.25.tgz",
      "integrity": "sha512-wO/GVqgFDVbKlXvBvsM10mod10XF+cJCjeQh8IltXEZy9SIiWMtdOz/ILqceRPkAZV9xyAXcn4mfunZ/MYPJaA=="
    },
    "@polymer/iron-a11y-keys-behavior": {
      "version": "3.0.0-pre.25",
      "resolved": "https://registry.npmjs.org/@polymer/iron-a11y-keys-behavior/-/iron-a11y-keys-behavior-3.0.0-pre.25.tgz",
      "integrity": "sha512-nLEu/Mr0nHI9QosG6k75TyScQVUnuwEn6hFBubFravU0QQ8o2+TTwvK5XAVlW2fcNieEvmgC8EhI6FZJCUsCig==",
      "requires": {
        "@polymer/polymer": "^3.0.0"
      }
    },
    "@polymer/iron-behaviors": {
      "version": "3.0.0-pre.25",
      "resolved": "https://registry.npmjs.org/@polymer/iron-behaviors/-/iron-behaviors-3.0.0-pre.25.tgz",
      "integrity": "sha512-+oo+Ac+NiSi5SwiyqrTPzwXG15nJkHtjhDwI8cOw61AkkH7sjcytTAyrgrXD/ePsd7+TvWGM6yQfcLH5YhQe5A==",
      "requires": {
        "@polymer/iron-a11y-keys-behavior": "^3.0.0-pre.24",
        "@polymer/polymer": "^3.0.0"
      }
    },
    "@polymer/iron-checked-element-behavior": {
      "version": "3.0.0-pre.25",
      "resolved": "https://registry.npmjs.org/@polymer/iron-checked-element-behavior/-/iron-checked-element-behavior-3.0.0-pre.25.tgz",
      "integrity": "sha512-BBIITYvJKHbWFpwNFzJNLi+smtb3t+iRiExsu72SnpphHpZqoU0Gao6KUXH74Din6ddKoiNhzwr5j7ihv1XIbw==",
      "requires": {
        "@polymer/iron-form-element-behavior": "^3.0.0-pre.24",
        "@polymer/iron-validatable-behavior": "^3.0.0-pre.24",
        "@polymer/polymer": "^3.0.0"
      }
    },
    "@polymer/iron-flex-layout": {
      "version": "3.0.0-pre.25",
      "resolved": "https://registry.npmjs.org/@polymer/iron-flex-layout/-/iron-flex-layout-3.0.0-pre.25.tgz",
      "integrity": "sha512-ykYxrF6UlnWP0jcbXV51BG3Ts6XD6BWg7HOzkt60YWNkB69QUf3grESUkfT/SERj7WySlGom4no/tdpOPRtwAw==",
      "requires": {
        "@polymer/polymer": "^3.0.0"
      }
    },
    "@polymer/iron-form-element-behavior": {
      "version": "3.0.0-pre.25",
      "resolved": "https://registry.npmjs.org/@polymer/iron-form-element-behavior/-/iron-form-element-behavior-3.0.0-pre.25.tgz",
      "integrity": "sha512-YBbURxfnKYbDhqvhMc5P9arv0NI8nQkpj+Vg8yCJ/dwXTeKv2Olxl5/+CaslsaGsOKWQl1o4iITRwcF5cwQ6aQ==",
      "requires": {
        "@polymer/polymer": "^3.0.0"
      }
    },
    "@polymer/iron-meta": {
      "version": "3.0.0-pre.25",
      "resolved": "https://registry.npmjs.org/@polymer/iron-meta/-/iron-meta-3.0.0-pre.25.tgz",
      "integrity": "sha512-Pot2n+3fINPAS97erAwg1Ps0CRISomGQQZvJeuqeUjgdrdfKuDaWnGdASY6ndmdcEgcwaSJfJrBpTUCBIZmtJw==",
      "requires": {
        "@polymer/polymer": "^3.0.0"
      }
    },
    "@polymer/iron-validatable-behavior": {
      "version": "3.0.0-pre.25",
      "resolved": "https://registry.npmjs.org/@polymer/iron-validatable-behavior/-/iron-validatable-behavior-3.0.0-pre.25.tgz",
      "integrity": "sha512-xTUUYkQy4D5zoIm9IurtCAMJrew2Atubu87XNwZzySBjrcMHSxU98VtItpCYfWsFlld8Kqk2AQ2EUONo3TLAdw==",
      "requires": {
        "@polymer/iron-meta": "^3.0.0-pre.24",
        "@polymer/polymer": "^3.0.0"
      }
    },
    "@polymer/paper-behaviors": {
      "version": "3.0.0-pre.26",
      "resolved": "https://registry.npmjs.org/@polymer/paper-behaviors/-/paper-behaviors-3.0.0-pre.26.tgz",
      "integrity": "sha512-qp7Anu8kE8qoXhvGmWk/Su91b6fgyz2Us2UrrYPZGzldzispt52YjV/5UnGpHffhTfosxvBNPhNWzC2OcpLciQ==",
      "requires": {
        "@polymer/iron-behaviors": "^3.0.0-pre.24",
        "@polymer/iron-checked-element-behavior": "^3.0.0-pre.24",
        "@polymer/paper-ripple": "^3.0.0-pre.24",
        "@polymer/polymer": "^3.0.0"
      }
    },
    "@polymer/paper-button": {
      "version": "3.0.0-pre.25",
      "resolved": "https://registry.npmjs.org/@polymer/paper-button/-/paper-button-3.0.0-pre.25.tgz",
      "integrity": "sha512-tAUyFqhu34Ydi8SELJWkKsFGOnYqQ9AhCfGjZKQlI5Q02iKZb6Ndua/4w8q8g/5OXAyiN48c8QTi52z7lqOVXg==",
      "requires": {
        "@polymer/iron-flex-layout": "^3.0.0-pre.24",
        "@polymer/paper-behaviors": "^3.0.0-pre.25",
        "@polymer/paper-styles": "^3.0.0-pre.24",
        "@polymer/polymer": "^3.0.0"
      }
    },
    "@polymer/paper-checkbox": {
      "version": "3.0.0-pre.25",
      "resolved": "https://registry.npmjs.org/@polymer/paper-checkbox/-/paper-checkbox-3.0.0-pre.25.tgz",
      "integrity": "sha512-OZ1jOTnyhHncuTaQy3CHOQJ57hHzypiWmzLIA9scKg/UDVfCUFY9ImDI+0hAYidXSRKdrv+m+PyLXuK0h4TaRQ==",
      "requires": {
        "@polymer/iron-a11y-keys-behavior": "^3.0.0-pre.24",
        "@polymer/iron-checked-element-behavior": "^3.0.0-pre.24",
        "@polymer/paper-behaviors": "^3.0.0-pre.25",
        "@polymer/paper-ripple": "^3.0.0-pre.24",
        "@polymer/paper-styles": "^3.0.0-pre.24",
        "@polymer/polymer": "^3.0.0"
      },
      "dependencies": {
        "@polymer/font-roboto": {
          "version": "3.0.0-pre.25",
          "resolved": "https://registry.npmjs.org/@polymer/font-roboto/-/font-roboto-3.0.0-pre.25.tgz",
          "integrity": "sha512-wO/GVqgFDVbKlXvBvsM10mod10XF+cJCjeQh8IltXEZy9SIiWMtdOz/ILqceRPkAZV9xyAXcn4mfunZ/MYPJaA=="
        },
        "@polymer/iron-a11y-keys-behavior": {
          "version": "3.0.0-pre.25",
          "resolved": "https://registry.npmjs.org/@polymer/iron-a11y-keys-behavior/-/iron-a11y-keys-behavior-3.0.0-pre.25.tgz",
          "integrity": "sha512-nLEu/Mr0nHI9QosG6k75TyScQVUnuwEn6hFBubFravU0QQ8o2+TTwvK5XAVlW2fcNieEvmgC8EhI6FZJCUsCig==",
          "requires": {
            "@polymer/polymer": "^3.0.0"
          }
        },
        "@polymer/iron-behaviors": {
          "version": "3.0.0-pre.25",
          "resolved": "https://registry.npmjs.org/@polymer/iron-behaviors/-/iron-behaviors-3.0.0-pre.25.tgz",
          "integrity": "sha512-+oo+Ac+NiSi5SwiyqrTPzwXG15nJkHtjhDwI8cOw61AkkH7sjcytTAyrgrXD/ePsd7+TvWGM6yQfcLH5YhQe5A==",
          "requires": {
            "@polymer/iron-a11y-keys-behavior": "^3.0.0-pre.24",
            "@polymer/polymer": "^3.0.0"
          }
        },
        "@polymer/iron-checked-element-behavior": {
          "version": "3.0.0-pre.25",
          "resolved": "https://registry.npmjs.org/@polymer/iron-checked-element-behavior/-/iron-checked-element-behavior-3.0.0-pre.25.tgz",
          "integrity": "sha512-BBIITYvJKHbWFpwNFzJNLi+smtb3t+iRiExsu72SnpphHpZqoU0Gao6KUXH74Din6ddKoiNhzwr5j7ihv1XIbw==",
          "requires": {
            "@polymer/iron-form-element-behavior": "^3.0.0-pre.24",
            "@polymer/iron-validatable-behavior": "^3.0.0-pre.24",
            "@polymer/polymer": "^3.0.0"
          }
        },
        "@polymer/iron-flex-layout": {
          "version": "3.0.0-pre.25",
          "resolved": "https://registry.npmjs.org/@polymer/iron-flex-layout/-/iron-flex-layout-3.0.0-pre.25.tgz",
          "integrity": "sha512-ykYxrF6UlnWP0jcbXV51BG3Ts6XD6BWg7HOzkt60YWNkB69QUf3grESUkfT/SERj7WySlGom4no/tdpOPRtwAw==",
          "requires": {
            "@polymer/polymer": "^3.0.0"
          }
        },
        "@polymer/iron-form-element-behavior": {
          "version": "3.0.0-pre.25",
          "resolved": "https://registry.npmjs.org/@polymer/iron-form-element-behavior/-/iron-form-element-behavior-3.0.0-pre.25.tgz",
          "integrity": "sha512-YBbURxfnKYbDhqvhMc5P9arv0NI8nQkpj+Vg8yCJ/dwXTeKv2Olxl5/+CaslsaGsOKWQl1o4iITRwcF5cwQ6aQ==",
          "requires": {
            "@polymer/polymer": "^3.0.0"
          }
        },
        "@polymer/iron-meta": {
          "version": "3.0.0-pre.25",
          "resolved": "https://registry.npmjs.org/@polymer/iron-meta/-/iron-meta-3.0.0-pre.25.tgz",
          "integrity": "sha512-Pot2n+3fINPAS97erAwg1Ps0CRISomGQQZvJeuqeUjgdrdfKuDaWnGdASY6ndmdcEgcwaSJfJrBpTUCBIZmtJw==",
          "requires": {
            "@polymer/polymer": "^3.0.0"
          }
        },
        "@polymer/iron-validatable-behavior": {
          "version": "3.0.0-pre.25",
          "resolved": "https://registry.npmjs.org/@polymer/iron-validatable-behavior/-/iron-validatable-behavior-3.0.0-pre.25.tgz",
          "integrity": "sha512-xTUUYkQy4D5zoIm9IurtCAMJrew2Atubu87XNwZzySBjrcMHSxU98VtItpCYfWsFlld8Kqk2AQ2EUONo3TLAdw==",
          "requires": {
            "@polymer/iron-meta": "^3.0.0-pre.24",
            "@polymer/polymer": "^3.0.0"
          }
        },
        "@polymer/paper-behaviors": {
          "version": "3.0.0-pre.26",
          "resolved": "https://registry.npmjs.org/@polymer/paper-behaviors/-/paper-behaviors-3.0.0-pre.26.tgz",
          "integrity": "sha512-qp7Anu8kE8qoXhvGmWk/Su91b6fgyz2Us2UrrYPZGzldzispt52YjV/5UnGpHffhTfosxvBNPhNWzC2OcpLciQ==",
          "requires": {
            "@polymer/iron-behaviors": "^3.0.0-pre.24",
            "@polymer/iron-checked-element-behavior": "^3.0.0-pre.24",
            "@polymer/paper-ripple": "^3.0.0-pre.24",
            "@polymer/polymer": "^3.0.0"
          }
        },
        "@polymer/paper-ripple": {
          "version": "3.0.0-pre.25",
          "resolved": "https://registry.npmjs.org/@polymer/paper-ripple/-/paper-ripple-3.0.0-pre.25.tgz",
          "integrity": "sha512-Scjqdzgsx5giEL7BgOLi0TclVjZjqbxPKmzjCbb58WeMI3hqWtR/AchTu4a94M9BuxYJkq4QQNp9lKInyqqKQg==",
          "requires": {
            "@polymer/iron-a11y-keys-behavior": "^3.0.0-pre.24",
            "@polymer/polymer": "^3.0.0"
          }
        },
        "@polymer/paper-styles": {
          "version": "3.0.0-pre.25",
          "resolved": "https://registry.npmjs.org/@polymer/paper-styles/-/paper-styles-3.0.0-pre.25.tgz",
          "integrity": "sha512-WgbPo5K6GINEJsWwwothtNJbcj9S/B1t8GmzBxBZ6fMwLK9CbxNn4nAgkwgT1VOc1MspcXz4sOoOtCLeu5a8tw==",
          "requires": {
            "@polymer/font-roboto": "^3.0.0-pre.24",
            "@polymer/iron-flex-layout": "^3.0.0-pre.24",
            "@polymer/polymer": "^3.0.0"
          }
        }
      }
    },
    "@polymer/paper-ripple": {
      "version": "3.0.0-pre.25",
      "resolved": "https://registry.npmjs.org/@polymer/paper-ripple/-/paper-ripple-3.0.0-pre.25.tgz",
      "integrity": "sha512-Scjqdzgsx5giEL7BgOLi0TclVjZjqbxPKmzjCbb58WeMI3hqWtR/AchTu4a94M9BuxYJkq4QQNp9lKInyqqKQg==",
      "requires": {
        "@polymer/iron-a11y-keys-behavior": "^3.0.0-pre.24",
        "@polymer/polymer": "^3.0.0"
      }
    },
    "@polymer/paper-styles": {
      "version": "3.0.0-pre.25",
      "resolved": "https://registry.npmjs.org/@polymer/paper-styles/-/paper-styles-3.0.0-pre.25.tgz",
      "integrity": "sha512-WgbPo5K6GINEJsWwwothtNJbcj9S/B1t8GmzBxBZ6fMwLK9CbxNn4nAgkwgT1VOc1MspcXz4sOoOtCLeu5a8tw==",
      "requires": {
        "@polymer/font-roboto": "^3.0.0-pre.24",
        "@polymer/iron-flex-layout": "^3.0.0-pre.24",
        "@polymer/polymer": "^3.0.0"
      }
    },
    "@polymer/polymer": {
      "version": "3.0.5",
      "resolved": "https://registry.npmjs.org/@polymer/polymer/-/polymer-3.0.5.tgz",
      "integrity": "sha512-Zbmhtr5vZ3NoHWwFYLKI4ff7yfE6DZopI8vaS7HvmUIuNqsv/EpEDXfNEYjqePQmkMX5LU9OIKV1eX/+9aveow==",
      "requires": {
        "@webcomponents/shadycss": "^1.2.0"
      }
    },
    "@webcomponents/shadycss": {
      "version": "1.4.0",
      "resolved": "https://registry.npmjs.org/@webcomponents/shadycss/-/shadycss-1.4.0.tgz",
      "integrity": "sha512-/OK+M06S9YbnTXAHm1QtHhONo0msBej/V84x3ZpSV+sJa1jp/FfOv0mW0IWdluU94QlVrPnJxK2t+Czggfivig=="
    },
    "@webcomponents/webcomponentsjs": {
      "version": "2.1.1",
      "resolved": "https://registry.npmjs.org/@webcomponents/webcomponentsjs/-/webcomponentsjs-2.1.1.tgz",
      "integrity": "sha512-CgXV1O94jruR0YVijA55bP4SQBRvRKDmByWce47vCZIJ3HPHOph0VtjpO5vYEUyZzfadqfjICBMkZOagTT9XQw=="
    },
    "hyperhtml": {
      "version": "2.13.0",
      "resolved": "https://registry.npmjs.org/hyperhtml/-/hyperhtml-2.13.0.tgz",
      "integrity": "sha512-q2DxtQK9zptoZMP2ogVi22azGY/jF+V+wArFoXi3Ut8109RNhn1JHkq0cnWHqgVFlPqWcFdnpK7JSy1gR029tw==",
      "requires": {
        "lightercollective": "^0.1.0"
      }
    },
    "hyperhtml-element": {
      "version": "2.3.1",
      "resolved": "https://registry.npmjs.org/hyperhtml-element/-/hyperhtml-element-2.3.1.tgz",
      "integrity": "sha512-PEZHqQgku5cRnitS+CZ3r9ByGzJg/ehi2GbgrW2Mr5JutQqEd56ewn0g41Y7wEAMCQYgeBfVwhRlkUVEwxpYYw==",
      "requires": {
        "hyperhtml": "^2.13.0"
      }
    },
    "lightercollective": {
      "version": "0.1.0",
      "resolved": "https://registry.npmjs.org/lightercollective/-/lightercollective-0.1.0.tgz",
      "integrity": "sha512-J9tg5uraYoQKaWbmrzDDexbG6hHnMcWS1qLYgJSWE+mpA3U5OCSeMUhb+K55otgZJ34oFdR0ECvdIb3xuO5JOQ=="
    },
    "moment": {
      "version": "2.22.2",
      "resolved": "https://registry.npmjs.org/moment/-/moment-2.22.2.tgz",
      "integrity": "sha1-PCV/mDn8DpP/UxSWMiOeuQeD/2Y=",
      "dev": true
    }
  }
}
